
Microsoft Visual Studio Solution File, Format Version 12.00
# Visual Studio Version 17
VisualStudioVersion = 17.11.35327.3
MinimumVisualStudioVersion = 10.0.40219.1
Project("{FAE04EC0-301F-11D3-BF4B-00C04F79EFBC}") = "MauiAppMeuCombustivel", "MauiAppMeuCombustivel\MauiAppMeuCombustivel.csproj", "{A746960A-0B11-4D62-8B4F-5A7783740C64}"
EndProject
Global
	GlobalSection(SolutionConfigurationPlatforms) = preSolution
		Debug|Any CPU = Debug|Any CPU
		Release|Any CPU = Release|Any CPU
	EndGlobalSection
	GlobalSection(ProjectConfigurationPlatforms) = postSolution
		{A746960A-0B11-4D62-8B4F-5A7783740C64}.Debug|Any CPU.ActiveCfg = Debug|Any CPU
		{A746960A-0B11-4D62-8B4F-5A7783740C64}.Debug|Any CPU.Build.0 = Debug|Any CPU
		{A746960A-0B11-4D62-8B4F-5A7783740C64}.Debug|Any CPU.Deploy.0 = Debug|Any CPU
		{A746960A-0B11-4D62-8B4F-5A7783740C64}.Release|Any CPU.ActiveCfg = Release|Any CPU
		{A746960A-0B11-4D62-8B4F-5A7783740C64}.Release|Any CPU.Build.0 = Release|Any CPU
		{A746960A-0B11-4D62-8B4F-5A7783740C64}.Release|Any CPU.Deploy.0 = Release|Any CPU
	EndGlobalSection
	GlobalSection(SolutionProperties) = preSolution
		HideSolutionNode = FALSE
	EndGlobalSection
	GlobalSection(ExtensibilityGlobals) = postSolution
		SolutionGuid = {BDC20638-CD86-4052-8BC1-D28189F41CE1}
	EndGlobalSection
EndGlobal
